
Microsoft Visual Studio Solution File, Format Version 12.00
# Visual Studio 14
VisualStudioVersion = 14.0.25420.1
MinimumVisualStudioVersion = 10.0.40219.1
Project("{FAE04EC0-301F-11D3-BF4B-00C04F79EFBC}") = "ReflectionDemos", "ReflectionDemos\ReflectionDemos.csproj", "{EF7DF6C9-F90A-47FA-9A05-1456836EBDFC}"
EndProject
Global
	GlobalSection(SolutionConfigurationPlatforms) = preSolution
		Debug|Any CPU = Debug|Any CPU
		Release|Any CPU = Release|Any CPU
	EndGlobalSection
	GlobalSection(ProjectConfigurationPlatforms) = postSolution
		{EF7DF6C9-F90A-47FA-9A05-1456836EBDFC}.Debug|Any CPU.ActiveCfg = Debug|Any CPU
		{EF7DF6C9-F90A-47FA-9A05-1456836EBDFC}.Debug|Any CPU.Build.0 = Debug|Any CPU
		{EF7DF6C9-F90A-47FA-9A05-1456836EBDFC}.Release|Any CPU.ActiveCfg = Release|Any CPU
		{EF7DF6C9-F90A-47FA-9A05-1456836EBDFC}.Release|Any CPU.Build.0 = Release|Any CPU
	EndGlobalSection
	GlobalSection(SolutionProperties) = preSolution
		HideSolutionNode = FALSE
	EndGlobalSection
EndGlobal
