
Microsoft Visual Studio Solution File, Format Version 12.00
# Visual Studio 15
VisualStudioVersion = 15.0.27130.2010
MinimumVisualStudioVersion = 10.0.40219.1
Project("{FAE04EC0-301F-11D3-BF4B-00C04F79EFBC}") = "EntityModel", "EntityModel\EntityModel.csproj", "{09ECED18-0C0B-434F-8756-C812C1D09785}"
EndProject
Project("{FAE04EC0-301F-11D3-BF4B-00C04F79EFBC}") = "DataAccessDemos", "DataAccessDemos\DataAccessDemos.csproj", "{054272EC-41DB-441F-9409-57E64A06BA9A}"
EndProject
Global
	GlobalSection(SolutionConfigurationPlatforms) = preSolution
		Debug|Any CPU = Debug|Any CPU
		Release|Any CPU = Release|Any CPU
	EndGlobalSection
	GlobalSection(ProjectConfigurationPlatforms) = postSolution
		{09ECED18-0C0B-434F-8756-C812C1D09785}.Debug|Any CPU.ActiveCfg = Debug|Any CPU
		{09ECED18-0C0B-434F-8756-C812C1D09785}.Debug|Any CPU.Build.0 = Debug|Any CPU
		{09ECED18-0C0B-434F-8756-C812C1D09785}.Release|Any CPU.ActiveCfg = Release|Any CPU
		{09ECED18-0C0B-434F-8756-C812C1D09785}.Release|Any CPU.Build.0 = Release|Any CPU
		{054272EC-41DB-441F-9409-57E64A06BA9A}.Debug|Any CPU.ActiveCfg = Debug|Any CPU
		{054272EC-41DB-441F-9409-57E64A06BA9A}.Debug|Any CPU.Build.0 = Debug|Any CPU
		{054272EC-41DB-441F-9409-57E64A06BA9A}.Release|Any CPU.ActiveCfg = Release|Any CPU
		{054272EC-41DB-441F-9409-57E64A06BA9A}.Release|Any CPU.Build.0 = Release|Any CPU
	EndGlobalSection
	GlobalSection(SolutionProperties) = preSolution
		HideSolutionNode = FALSE
	EndGlobalSection
	GlobalSection(ExtensibilityGlobals) = postSolution
		SolutionGuid = {7B53E23E-BCF0-4973-9279-A2AEAAE70C89}
	EndGlobalSection
EndGlobal
